// !$*UTF8*$!
{
	archiveVersion = 1;
	classes = {
	};
	objectVersion = 51;
	objects = {

/* Begin PBXBuildFile section */
		223A10A623DF55EE00900461 /* UserList.swift in Sources */ = {isa = PBXBuildFile; fileRef = 223A10A523DF55EE00900461 /* UserList.swift */; };
		223A10A823DF6C7E00900461 /* ProfilePictureView.swift in Sources */ = {isa = PBXBuildFile; fileRef = 223A10A723DF6C7E00900461 /* ProfilePictureView.swift */; };
		22583737239EAEEB00A9FD1B /* FeedView.swift in Sources */ = {isa = PBXBuildFile; fileRef = 22583736239EAEEB00A9FD1B /* FeedView.swift */; };
		22583739239EB9E600A9FD1B /* LoginCheck.swift in Sources */ = {isa = PBXBuildFile; fileRef = 22583738239EB9E600A9FD1B /* LoginCheck.swift */; };
		2258373B239ECC1D00A9FD1B /* FBLoginButton.swift in Sources */ = {isa = PBXBuildFile; fileRef = 2258373A239ECC1D00A9FD1B /* FBLoginButton.swift */; };
		2262E05523CA25680090B2B8 /* ActivityEntryView.swift in Sources */ = {isa = PBXBuildFile; fileRef = 2262E05423CA25680090B2B8 /* ActivityEntryView.swift */; };
		2266C36A23A29BE700E6216A /* ChallengesView.swift in Sources */ = {isa = PBXBuildFile; fileRef = 2266C36923A29BE700E6216A /* ChallengesView.swift */; };
		2266C36C23A29BF400E6216A /* ActivityView.swift in Sources */ = {isa = PBXBuildFile; fileRef = 2266C36B23A29BF400E6216A /* ActivityView.swift */; };
		2266C36E23A29C0100E6216A /* ProfileView.swift in Sources */ = {isa = PBXBuildFile; fileRef = 2266C36D23A29C0100E6216A /* ProfileView.swift */; };
		227C134E23A2A06D00D36384 /* ChallengeCardView.swift in Sources */ = {isa = PBXBuildFile; fileRef = 227C134D23A2A06D00D36384 /* ChallengeCardView.swift */; };
		227C135523A2AB8D00D36384 /* ForeignProfileView.swift in Sources */ = {isa = PBXBuildFile; fileRef = 227C135423A2AB8D00D36384 /* ForeignProfileView.swift */; };
		228F066B239D8CBB001C0D7A /* AppDelegate.swift in Sources */ = {isa = PBXBuildFile; fileRef = 228F066A239D8CBB001C0D7A /* AppDelegate.swift */; };
		228F066D239D8CBB001C0D7A /* SceneDelegate.swift in Sources */ = {isa = PBXBuildFile; fileRef = 228F066C239D8CBB001C0D7A /* SceneDelegate.swift */; };
		228F066F239D8CBB001C0D7A /* ContentView.swift in Sources */ = {isa = PBXBuildFile; fileRef = 228F066E239D8CBB001C0D7A /* ContentView.swift */; };
		228F0671239D8CBE001C0D7A /* Assets.xcassets in Resources */ = {isa = PBXBuildFile; fileRef = 228F0670239D8CBE001C0D7A /* Assets.xcassets */; };
		228F0674239D8CBE001C0D7A /* Preview Assets.xcassets in Resources */ = {isa = PBXBuildFile; fileRef = 228F0673239D8CBE001C0D7A /* Preview Assets.xcassets */; };
		228F0677239D8CBE001C0D7A /* LaunchScreen.storyboard in Resources */ = {isa = PBXBuildFile; fileRef = 228F0675239D8CBE001C0D7A /* LaunchScreen.storyboard */; };
		228F0682239D8CBE001C0D7A /* talentoTests.swift in Sources */ = {isa = PBXBuildFile; fileRef = 228F0681239D8CBE001C0D7A /* talentoTests.swift */; };
		228F068D239D8CBE001C0D7A /* talentoUITests.swift in Sources */ = {isa = PBXBuildFile; fileRef = 228F068C239D8CBE001C0D7A /* talentoUITests.swift */; };
		22936AB723DCB7E0004802F7 /* ImagePicker.swift in Sources */ = {isa = PBXBuildFile; fileRef = 22936AB623DCB7E0004802F7 /* ImagePicker.swift */; };
		22936AB923DDE682004802F7 /* UserModel.swift in Sources */ = {isa = PBXBuildFile; fileRef = 22936AB823DDE681004802F7 /* UserModel.swift */; };
		66F25D05A15511E4C4469CD4 /* Pods_talento_talentoUITests.framework in Frameworks */ = {isa = PBXBuildFile; fileRef = F25E808EE14980D0C9B8FB9F /* Pods_talento_talentoUITests.framework */; };
		8F3E6DC123DDBBFE00CF12E0 /* RegistrationImagePicker.swift in Sources */ = {isa = PBXBuildFile; fileRef = 8F3E6DC023DDBBFD00CF12E0 /* RegistrationImagePicker.swift */; };
		8F3E6DC423DDBCE000CF12E0 /* AuthenticationPage.swift in Sources */ = {isa = PBXBuildFile; fileRef = 8F3E6DC323DDBCE000CF12E0 /* AuthenticationPage.swift */; };
		8F3E6DC623DDBD0A00CF12E0 /* LoginPage.swift in Sources */ = {isa = PBXBuildFile; fileRef = 8F3E6DC523DDBD0A00CF12E0 /* LoginPage.swift */; };
		8F3E6DC823DDBD5800CF12E0 /* AccountCreation.swift in Sources */ = {isa = PBXBuildFile; fileRef = 8F3E6DC723DDBD5800CF12E0 /* AccountCreation.swift */; };
		8F3E6DCA23DDBD7B00CF12E0 /* Indicator.swift in Sources */ = {isa = PBXBuildFile; fileRef = 8F3E6DC923DDBD7B00CF12E0 /* Indicator.swift */; };
		8F3E6DCC23DDBDA600CF12E0 /* CreateUser.swift in Sources */ = {isa = PBXBuildFile; fileRef = 8F3E6DCB23DDBDA600CF12E0 /* CreateUser.swift */; };
		B909455123DDD09D002BFFA1 /* GoogleService-Info.plist in Resources */ = {isa = PBXBuildFile; fileRef = B909455023DDD09D002BFFA1 /* GoogleService-Info.plist */; };
		B9236F9323CF7FC10095CA9E /* ImageLoader.swift in Sources */ = {isa = PBXBuildFile; fileRef = B9236F9223CF7FC10095CA9E /* ImageLoader.swift */; };
		B9FCBE8923DF5C0900DB265D /* MediaEntryPictureView.swift in Sources */ = {isa = PBXBuildFile; fileRef = B9FCBE8823DF5C0900DB265D /* MediaEntryPictureView.swift */; };
		B9FCBE8B23DF61A700DB265D /* ImageLoaderCache.swift in Sources */ = {isa = PBXBuildFile; fileRef = B9FCBE8A23DF61A700DB265D /* ImageLoaderCache.swift */; };
		D0464F79937DBD5D0D74A7ED /* Pods_talento.framework in Frameworks */ = {isa = PBXBuildFile; fileRef = EBD79194C95BB7F620C0B23C /* Pods_talento.framework */; };
		ED68C98A7615F4D2CB08FBCF /* Pods_talentoTests.framework in Frameworks */ = {isa = PBXBuildFile; fileRef = 00D7A0623AB88B75C407B09B /* Pods_talentoTests.framework */; };
		F30C3A9023C0EFDC00D663C9 /* ChallengeCreateView.swift in Sources */ = {isa = PBXBuildFile; fileRef = F30C3A8F23C0EFDC00D663C9 /* ChallengeCreateView.swift */; };
		F30DCA9823DB4E5900B9C4C5 /* SettingsView.swift in Sources */ = {isa = PBXBuildFile; fileRef = F30DCA9723DB4E5900B9C4C5 /* SettingsView.swift */; };
		F332F3D923D61E8C00DF9848 /* EntryModel.swift in Sources */ = {isa = PBXBuildFile; fileRef = F332F3D823D61E8C00DF9848 /* EntryModel.swift */; };
		F332F3DB23D61F3B00DF9848 /* MediaEntryView.swift in Sources */ = {isa = PBXBuildFile; fileRef = F332F3DA23D61F3B00DF9848 /* MediaEntryView.swift */; };
		F35AACCF23BFA86D005942EC /* ChallengeModel.swift in Sources */ = {isa = PBXBuildFile; fileRef = F35AACCE23BFA86D005942EC /* ChallengeModel.swift */; };
		F35AACD323BFABBF005942EC /* ChallengeData.swift in Sources */ = {isa = PBXBuildFile; fileRef = F35AACD223BFABBF005942EC /* ChallengeData.swift */; };
		F35AACD523BFD937005942EC /* ChallengeDetailView.swift in Sources */ = {isa = PBXBuildFile; fileRef = F35AACD423BFD937005942EC /* ChallengeDetailView.swift */; };
		F35AACD723BFD9DA005942EC /* UserFeedView.swift in Sources */ = {isa = PBXBuildFile; fileRef = F35AACD623BFD9DA005942EC /* UserFeedView.swift */; };
		F39CC38B23D76D6A00C8C9DA /* RankingView.swift in Sources */ = {isa = PBXBuildFile; fileRef = F39CC38A23D76D6A00C8C9DA /* RankingView.swift */; };
		F39CC38D23D7733A00C8C9DA /* RankingEntryView.swift in Sources */ = {isa = PBXBuildFile; fileRef = F39CC38C23D7733A00C8C9DA /* RankingEntryView.swift */; };
		F39CC38F23D782C500C8C9DA /* GeneralView.swift in Sources */ = {isa = PBXBuildFile; fileRef = F39CC38E23D782C500C8C9DA /* GeneralView.swift */; };
		F39CC39123D7845900C8C9DA /* RatingView.swift in Sources */ = {isa = PBXBuildFile; fileRef = F39CC39023D7845900C8C9DA /* RatingView.swift */; };
		F3A63EA423DF673200B5F075 /* Extensions.swift in Sources */ = {isa = PBXBuildFile; fileRef = F3A63EA323DF673200B5F075 /* Extensions.swift */; };
/* End PBXBuildFile section */

/* Begin PBXContainerItemProxy section */
		228F067E239D8CBE001C0D7A /* PBXContainerItemProxy */ = {
			isa = PBXContainerItemProxy;
			containerPortal = 228F065F239D8CBB001C0D7A /* Project object */;
			proxyType = 1;
			remoteGlobalIDString = 228F0666239D8CBB001C0D7A;
			remoteInfo = talento;
		};
		228F0689239D8CBE001C0D7A /* PBXContainerItemProxy */ = {
			isa = PBXContainerItemProxy;
			containerPortal = 228F065F239D8CBB001C0D7A /* Project object */;
			proxyType = 1;
			remoteGlobalIDString = 228F0666239D8CBB001C0D7A;
			remoteInfo = talento;
		};
/* End PBXContainerItemProxy section */

/* Begin PBXFileReference section */
		00D7A0623AB88B75C407B09B /* Pods_talentoTests.framework */ = {isa = PBXFileReference; explicitFileType = wrapper.framework; includeInIndex = 0; path = Pods_talentoTests.framework; sourceTree = BUILT_PRODUCTS_DIR; };
		223A10A523DF55EE00900461 /* UserList.swift */ = {isa = PBXFileReference; lastKnownFileType = sourcecode.swift; path = UserList.swift; sourceTree = "<group>"; };
		223A10A723DF6C7E00900461 /* ProfilePictureView.swift */ = {isa = PBXFileReference; lastKnownFileType = sourcecode.swift; path = ProfilePictureView.swift; sourceTree = "<group>"; };
		22583735239D99EF00A9FD1B /* talento.entitlements */ = {isa = PBXFileReference; lastKnownFileType = text.plist.entitlements; path = talento.entitlements; sourceTree = "<group>"; };
		22583736239EAEEB00A9FD1B /* FeedView.swift */ = {isa = PBXFileReference; lastKnownFileType = sourcecode.swift; path = FeedView.swift; sourceTree = "<group>"; };
		22583738239EB9E600A9FD1B /* LoginCheck.swift */ = {isa = PBXFileReference; lastKnownFileType = sourcecode.swift; path = LoginCheck.swift; sourceTree = "<group>"; };
		2258373A239ECC1D00A9FD1B /* FBLoginButton.swift */ = {isa = PBXFileReference; lastKnownFileType = sourcecode.swift; path = FBLoginButton.swift; sourceTree = "<group>"; };
		2262E05423CA25680090B2B8 /* ActivityEntryView.swift */ = {isa = PBXFileReference; lastKnownFileType = sourcecode.swift; path = ActivityEntryView.swift; sourceTree = "<group>"; };
		2266C36923A29BE700E6216A /* ChallengesView.swift */ = {isa = PBXFileReference; lastKnownFileType = sourcecode.swift; path = ChallengesView.swift; sourceTree = "<group>"; };
		2266C36B23A29BF400E6216A /* ActivityView.swift */ = {isa = PBXFileReference; lastKnownFileType = sourcecode.swift; path = ActivityView.swift; sourceTree = "<group>"; };
		2266C36D23A29C0100E6216A /* ProfileView.swift */ = {isa = PBXFileReference; lastKnownFileType = sourcecode.swift; path = ProfileView.swift; sourceTree = "<group>"; };
		227C134D23A2A06D00D36384 /* ChallengeCardView.swift */ = {isa = PBXFileReference; lastKnownFileType = sourcecode.swift; path = ChallengeCardView.swift; sourceTree = "<group>"; };
		227C135423A2AB8D00D36384 /* ForeignProfileView.swift */ = {isa = PBXFileReference; lastKnownFileType = sourcecode.swift; path = ForeignProfileView.swift; sourceTree = "<group>"; };
		228F0667239D8CBB001C0D7A /* talento.app */ = {isa = PBXFileReference; explicitFileType = wrapper.application; includeInIndex = 0; path = talento.app; sourceTree = BUILT_PRODUCTS_DIR; };
		228F066A239D8CBB001C0D7A /* AppDelegate.swift */ = {isa = PBXFileReference; lastKnownFileType = sourcecode.swift; path = AppDelegate.swift; sourceTree = "<group>"; };
		228F066C239D8CBB001C0D7A /* SceneDelegate.swift */ = {isa = PBXFileReference; lastKnownFileType = sourcecode.swift; path = SceneDelegate.swift; sourceTree = "<group>"; };
		228F066E239D8CBB001C0D7A /* ContentView.swift */ = {isa = PBXFileReference; lastKnownFileType = sourcecode.swift; path = ContentView.swift; sourceTree = "<group>"; };
		228F0670239D8CBE001C0D7A /* Assets.xcassets */ = {isa = PBXFileReference; lastKnownFileType = folder.assetcatalog; path = Assets.xcassets; sourceTree = "<group>"; };
		228F0673239D8CBE001C0D7A /* Preview Assets.xcassets */ = {isa = PBXFileReference; lastKnownFileType = folder.assetcatalog; path = "Preview Assets.xcassets"; sourceTree = "<group>"; };
		228F0676239D8CBE001C0D7A /* Base */ = {isa = PBXFileReference; lastKnownFileType = file.storyboard; name = Base; path = Base.lproj/LaunchScreen.storyboard; sourceTree = "<group>"; };
		228F0678239D8CBE001C0D7A /* Info.plist */ = {isa = PBXFileReference; lastKnownFileType = text.plist.xml; path = Info.plist; sourceTree = "<group>"; };
		228F067D239D8CBE001C0D7A /* talentoTests.xctest */ = {isa = PBXFileReference; explicitFileType = wrapper.cfbundle; includeInIndex = 0; path = talentoTests.xctest; sourceTree = BUILT_PRODUCTS_DIR; };
		228F0681239D8CBE001C0D7A /* talentoTests.swift */ = {isa = PBXFileReference; lastKnownFileType = sourcecode.swift; path = talentoTests.swift; sourceTree = "<group>"; };
		228F0683239D8CBE001C0D7A /* Info.plist */ = {isa = PBXFileReference; lastKnownFileType = text.plist.xml; path = Info.plist; sourceTree = "<group>"; };
		228F0688239D8CBE001C0D7A /* talentoUITests.xctest */ = {isa = PBXFileReference; explicitFileType = wrapper.cfbundle; includeInIndex = 0; path = talentoUITests.xctest; sourceTree = BUILT_PRODUCTS_DIR; };
		228F068C239D8CBE001C0D7A /* talentoUITests.swift */ = {isa = PBXFileReference; lastKnownFileType = sourcecode.swift; path = talentoUITests.swift; sourceTree = "<group>"; };
		228F068E239D8CBE001C0D7A /* Info.plist */ = {isa = PBXFileReference; lastKnownFileType = text.plist.xml; path = Info.plist; sourceTree = "<group>"; };
		22936AB623DCB7E0004802F7 /* ImagePicker.swift */ = {isa = PBXFileReference; fileEncoding = 4; lastKnownFileType = sourcecode.swift; path = ImagePicker.swift; sourceTree = "<group>"; };
		22936AB823DDE681004802F7 /* UserModel.swift */ = {isa = PBXFileReference; lastKnownFileType = sourcecode.swift; path = UserModel.swift; sourceTree = "<group>"; };
		46A0C27DA15A4AB0DB179472 /* Pods-talento-talentoUITests.debug.xcconfig */ = {isa = PBXFileReference; includeInIndex = 1; lastKnownFileType = text.xcconfig; name = "Pods-talento-talentoUITests.debug.xcconfig"; path = "Target Support Files/Pods-talento-talentoUITests/Pods-talento-talentoUITests.debug.xcconfig"; sourceTree = "<group>"; };
		6BD65366CB93C821FCCEAB32 /* Pods-talento.release.xcconfig */ = {isa = PBXFileReference; includeInIndex = 1; lastKnownFileType = text.xcconfig; name = "Pods-talento.release.xcconfig"; path = "Target Support Files/Pods-talento/Pods-talento.release.xcconfig"; sourceTree = "<group>"; };
		8F3E6DC023DDBBFD00CF12E0 /* RegistrationImagePicker.swift */ = {isa = PBXFileReference; lastKnownFileType = sourcecode.swift; path = RegistrationImagePicker.swift; sourceTree = "<group>"; };
		8F3E6DC323DDBCE000CF12E0 /* AuthenticationPage.swift */ = {isa = PBXFileReference; lastKnownFileType = sourcecode.swift; path = AuthenticationPage.swift; sourceTree = "<group>"; };
		8F3E6DC523DDBD0A00CF12E0 /* LoginPage.swift */ = {isa = PBXFileReference; lastKnownFileType = sourcecode.swift; path = LoginPage.swift; sourceTree = "<group>"; };
		8F3E6DC723DDBD5800CF12E0 /* AccountCreation.swift */ = {isa = PBXFileReference; lastKnownFileType = sourcecode.swift; path = AccountCreation.swift; sourceTree = "<group>"; };
		8F3E6DC923DDBD7B00CF12E0 /* Indicator.swift */ = {isa = PBXFileReference; lastKnownFileType = sourcecode.swift; path = Indicator.swift; sourceTree = "<group>"; };
		8F3E6DCB23DDBDA600CF12E0 /* CreateUser.swift */ = {isa = PBXFileReference; lastKnownFileType = sourcecode.swift; path = CreateUser.swift; sourceTree = "<group>"; };
		A90D7CD39EDF29E768585197 /* Pods-talentoTests.release.xcconfig */ = {isa = PBXFileReference; includeInIndex = 1; lastKnownFileType = text.xcconfig; name = "Pods-talentoTests.release.xcconfig"; path = "Target Support Files/Pods-talentoTests/Pods-talentoTests.release.xcconfig"; sourceTree = "<group>"; };
		A96A7E1978FE0653D24AF0AB /* Pods-talento.debug.xcconfig */ = {isa = PBXFileReference; includeInIndex = 1; lastKnownFileType = text.xcconfig; name = "Pods-talento.debug.xcconfig"; path = "Target Support Files/Pods-talento/Pods-talento.debug.xcconfig"; sourceTree = "<group>"; };
		B909455023DDD09D002BFFA1 /* GoogleService-Info.plist */ = {isa = PBXFileReference; fileEncoding = 4; lastKnownFileType = text.plist.xml; path = "GoogleService-Info.plist"; sourceTree = "<group>"; };
		B9236F9223CF7FC10095CA9E /* ImageLoader.swift */ = {isa = PBXFileReference; lastKnownFileType = sourcecode.swift; path = ImageLoader.swift; sourceTree = "<group>"; };
		B9FCBE8823DF5C0900DB265D /* MediaEntryPictureView.swift */ = {isa = PBXFileReference; lastKnownFileType = sourcecode.swift; path = MediaEntryPictureView.swift; sourceTree = "<group>"; };
		B9FCBE8A23DF61A700DB265D /* ImageLoaderCache.swift */ = {isa = PBXFileReference; lastKnownFileType = sourcecode.swift; path = ImageLoaderCache.swift; sourceTree = "<group>"; };
		C043D2EB785BDD6A3E5A2CA6 /* Pods-talentoTests.debug.xcconfig */ = {isa = PBXFileReference; includeInIndex = 1; lastKnownFileType = text.xcconfig; name = "Pods-talentoTests.debug.xcconfig"; path = "Target Support Files/Pods-talentoTests/Pods-talentoTests.debug.xcconfig"; sourceTree = "<group>"; };
		DEF3124A38CAA398A595D333 /* Pods-talento-talentoUITests.release.xcconfig */ = {isa = PBXFileReference; includeInIndex = 1; lastKnownFileType = text.xcconfig; name = "Pods-talento-talentoUITests.release.xcconfig"; path = "Target Support Files/Pods-talento-talentoUITests/Pods-talento-talentoUITests.release.xcconfig"; sourceTree = "<group>"; };
		EBD79194C95BB7F620C0B23C /* Pods_talento.framework */ = {isa = PBXFileReference; explicitFileType = wrapper.framework; includeInIndex = 0; path = Pods_talento.framework; sourceTree = BUILT_PRODUCTS_DIR; };
		F25E808EE14980D0C9B8FB9F /* Pods_talento_talentoUITests.framework */ = {isa = PBXFileReference; explicitFileType = wrapper.framework; includeInIndex = 0; path = Pods_talento_talentoUITests.framework; sourceTree = BUILT_PRODUCTS_DIR; };
		F30C3A8F23C0EFDC00D663C9 /* ChallengeCreateView.swift */ = {isa = PBXFileReference; lastKnownFileType = sourcecode.swift; path = ChallengeCreateView.swift; sourceTree = "<group>"; };
		F30DCA9723DB4E5900B9C4C5 /* SettingsView.swift */ = {isa = PBXFileReference; lastKnownFileType = sourcecode.swift; path = SettingsView.swift; sourceTree = "<group>"; };
		F332F3D823D61E8C00DF9848 /* EntryModel.swift */ = {isa = PBXFileReference; lastKnownFileType = sourcecode.swift; path = EntryModel.swift; sourceTree = "<group>"; };
		F332F3DA23D61F3B00DF9848 /* MediaEntryView.swift */ = {isa = PBXFileReference; lastKnownFileType = sourcecode.swift; path = MediaEntryView.swift; sourceTree = "<group>"; };
		F35AACCE23BFA86D005942EC /* ChallengeModel.swift */ = {isa = PBXFileReference; lastKnownFileType = sourcecode.swift; path = ChallengeModel.swift; sourceTree = "<group>"; };
		F35AACD223BFABBF005942EC /* ChallengeData.swift */ = {isa = PBXFileReference; lastKnownFileType = sourcecode.swift; path = ChallengeData.swift; sourceTree = "<group>"; };
		F35AACD423BFD937005942EC /* ChallengeDetailView.swift */ = {isa = PBXFileReference; lastKnownFileType = sourcecode.swift; path = ChallengeDetailView.swift; sourceTree = "<group>"; };
		F35AACD623BFD9DA005942EC /* UserFeedView.swift */ = {isa = PBXFileReference; lastKnownFileType = sourcecode.swift; path = UserFeedView.swift; sourceTree = "<group>"; };
		F39CC38A23D76D6A00C8C9DA /* RankingView.swift */ = {isa = PBXFileReference; lastKnownFileType = sourcecode.swift; path = RankingView.swift; sourceTree = "<group>"; };
		F39CC38C23D7733A00C8C9DA /* RankingEntryView.swift */ = {isa = PBXFileReference; lastKnownFileType = sourcecode.swift; path = RankingEntryView.swift; sourceTree = "<group>"; };
		F39CC38E23D782C500C8C9DA /* GeneralView.swift */ = {isa = PBXFileReference; lastKnownFileType = sourcecode.swift; path = GeneralView.swift; sourceTree = "<group>"; };
		F39CC39023D7845900C8C9DA /* RatingView.swift */ = {isa = PBXFileReference; lastKnownFileType = sourcecode.swift; path = RatingView.swift; sourceTree = "<group>"; };
		F3A63EA323DF673200B5F075 /* Extensions.swift */ = {isa = PBXFileReference; lastKnownFileType = sourcecode.swift; path = Extensions.swift; sourceTree = "<group>"; };
/* End PBXFileReference section */

/* Begin PBXFrameworksBuildPhase section */
		228F0664239D8CBB001C0D7A /* Frameworks */ = {
			isa = PBXFrameworksBuildPhase;
			buildActionMask = 2147483647;
			files = (
				D0464F79937DBD5D0D74A7ED /* Pods_talento.framework in Frameworks */,
			);
			runOnlyForDeploymentPostprocessing = 0;
		};
		228F067A239D8CBE001C0D7A /* Frameworks */ = {
			isa = PBXFrameworksBuildPhase;
			buildActionMask = 2147483647;
			files = (
				ED68C98A7615F4D2CB08FBCF /* Pods_talentoTests.framework in Frameworks */,
			);
			runOnlyForDeploymentPostprocessing = 0;
		};
		228F0685239D8CBE001C0D7A /* Frameworks */ = {
			isa = PBXFrameworksBuildPhase;
			buildActionMask = 2147483647;
			files = (
				66F25D05A15511E4C4469CD4 /* Pods_talento_talentoUITests.framework in Frameworks */,
			);
			runOnlyForDeploymentPostprocessing = 0;
		};
/* End PBXFrameworksBuildPhase section */

/* Begin PBXGroup section */
		15753B1FCD184E4BDBFCB677 /* Frameworks */ = {
			isa = PBXGroup;
			children = (
				EBD79194C95BB7F620C0B23C /* Pods_talento.framework */,
				F25E808EE14980D0C9B8FB9F /* Pods_talento_talentoUITests.framework */,
				00D7A0623AB88B75C407B09B /* Pods_talentoTests.framework */,
			);
			name = Frameworks;
			sourceTree = "<group>";
		};
		2258373C239ECC9100A9FD1B /* FacebookLogin */ = {
			isa = PBXGroup;
			children = (
				2258373A239ECC1D00A9FD1B /* FBLoginButton.swift */,
				22583738239EB9E600A9FD1B /* LoginCheck.swift */,
			);
			path = FacebookLogin;
			sourceTree = "<group>";
		};
		2262E05323CA24470090B2B8 /* Components */ = {
			isa = PBXGroup;
			children = (
				F35AACD623BFD9DA005942EC /* UserFeedView.swift */,
				227C134D23A2A06D00D36384 /* ChallengeCardView.swift */,
				F332F3DA23D61F3B00DF9848 /* MediaEntryView.swift */,
				B9FCBE8823DF5C0900DB265D /* MediaEntryPictureView.swift */,
				2262E05423CA25680090B2B8 /* ActivityEntryView.swift */,
				F39CC38C23D7733A00C8C9DA /* RankingEntryView.swift */,
			);
			path = Components;
			sourceTree = "<group>";
		};
		2266C36F23A29C8200E6216A /* TabBarViews */ = {
			isa = PBXGroup;
			children = (
				22583736239EAEEB00A9FD1B /* FeedView.swift */,
				2266C36923A29BE700E6216A /* ChallengesView.swift */,
				F30C3A8F23C0EFDC00D663C9 /* ChallengeCreateView.swift */,
				2266C36B23A29BF400E6216A /* ActivityView.swift */,
				2266C36D23A29C0100E6216A /* ProfileView.swift */,
				223A10A723DF6C7E00900461 /* ProfilePictureView.swift */,
				F30DCA9723DB4E5900B9C4C5 /* SettingsView.swift */,
			);
			path = TabBarViews;
			sourceTree = "<group>";
		};
		228F065E239D8CBB001C0D7A = {
			isa = PBXGroup;
			children = (
				228F0669239D8CBB001C0D7A /* talento */,
				228F0680239D8CBE001C0D7A /* talentoTests */,
				228F068B239D8CBE001C0D7A /* talentoUITests */,
				228F0668239D8CBB001C0D7A /* Products */,
				E6CB5CA67053636A3DA48633 /* Pods */,
				15753B1FCD184E4BDBFCB677 /* Frameworks */,
			);
			sourceTree = "<group>";
		};
		228F0668239D8CBB001C0D7A /* Products */ = {
			isa = PBXGroup;
			children = (
				228F0667239D8CBB001C0D7A /* talento.app */,
				228F067D239D8CBE001C0D7A /* talentoTests.xctest */,
				228F0688239D8CBE001C0D7A /* talentoUITests.xctest */,
			);
			name = Products;
			sourceTree = "<group>";
		};
		228F0669239D8CBB001C0D7A /* talento */ = {
			isa = PBXGroup;
			children = (
				B909455023DDD09D002BFFA1 /* GoogleService-Info.plist */,
				8F3E6DC223DDBC8D00CF12E0 /* UserLogin&Registration */,
				22936AB523DCB7D4004802F7 /* Image */,
				F35AACD123BFAB55005942EC /* View */,
				F35AACCD23BFA83B005942EC /* Model */,
				F35AACD023BFAB38005942EC /* Data */,
				2258373C239ECC9100A9FD1B /* FacebookLogin */,
				F3A63EA323DF673200B5F075 /* Extensions.swift */,
				B9236F9223CF7FC10095CA9E /* ImageLoader.swift */,
				B9FCBE8A23DF61A700DB265D /* ImageLoaderCache.swift */,
				228F066A239D8CBB001C0D7A /* AppDelegate.swift */,
				228F066C239D8CBB001C0D7A /* SceneDelegate.swift */,
				228F0675239D8CBE001C0D7A /* LaunchScreen.storyboard */,
				228F0670239D8CBE001C0D7A /* Assets.xcassets */,
				228F0678239D8CBE001C0D7A /* Info.plist */,
				22583735239D99EF00A9FD1B /* talento.entitlements */,
				228F0672239D8CBE001C0D7A /* Preview Content */,
			);
			path = talento;
			sourceTree = "<group>";
		};
		228F0672239D8CBE001C0D7A /* Preview Content */ = {
			isa = PBXGroup;
			children = (
				228F0673239D8CBE001C0D7A /* Preview Assets.xcassets */,
			);
			path = "Preview Content";
			sourceTree = "<group>";
		};
		228F0680239D8CBE001C0D7A /* talentoTests */ = {
			isa = PBXGroup;
			children = (
				228F0681239D8CBE001C0D7A /* talentoTests.swift */,
				228F0683239D8CBE001C0D7A /* Info.plist */,
			);
			path = talentoTests;
			sourceTree = "<group>";
		};
		228F068B239D8CBE001C0D7A /* talentoUITests */ = {
			isa = PBXGroup;
			children = (
				228F068C239D8CBE001C0D7A /* talentoUITests.swift */,
				228F068E239D8CBE001C0D7A /* Info.plist */,
			);
			path = talentoUITests;
			sourceTree = "<group>";
		};
		22936AB523DCB7D4004802F7 /* Image */ = {
			isa = PBXGroup;
			children = (
				22936AB623DCB7E0004802F7 /* ImagePicker.swift */,
			);
			path = Image;
			sourceTree = "<group>";
		};
		8F3E6DC223DDBC8D00CF12E0 /* UserLogin&Registration */ = {
			isa = PBXGroup;
			children = (
				8F3E6DC023DDBBFD00CF12E0 /* RegistrationImagePicker.swift */,
				8F3E6DC323DDBCE000CF12E0 /* AuthenticationPage.swift */,
				8F3E6DC523DDBD0A00CF12E0 /* LoginPage.swift */,
				8F3E6DC723DDBD5800CF12E0 /* AccountCreation.swift */,
				8F3E6DC923DDBD7B00CF12E0 /* Indicator.swift */,
				8F3E6DCB23DDBDA600CF12E0 /* CreateUser.swift */,
			);
			path = "UserLogin&Registration";
			sourceTree = "<group>";
		};
		E6CB5CA67053636A3DA48633 /* Pods */ = {
			isa = PBXGroup;
			children = (
				A96A7E1978FE0653D24AF0AB /* Pods-talento.debug.xcconfig */,
				6BD65366CB93C821FCCEAB32 /* Pods-talento.release.xcconfig */,
				46A0C27DA15A4AB0DB179472 /* Pods-talento-talentoUITests.debug.xcconfig */,
				DEF3124A38CAA398A595D333 /* Pods-talento-talentoUITests.release.xcconfig */,
				C043D2EB785BDD6A3E5A2CA6 /* Pods-talentoTests.debug.xcconfig */,
				A90D7CD39EDF29E768585197 /* Pods-talentoTests.release.xcconfig */,
			);
			path = Pods;
			sourceTree = "<group>";
		};
		F35AACCD23BFA83B005942EC /* Model */ = {
			isa = PBXGroup;
			children = (
				F35AACCE23BFA86D005942EC /* ChallengeModel.swift */,
				F332F3D823D61E8C00DF9848 /* EntryModel.swift */,
				22936AB823DDE681004802F7 /* UserModel.swift */,
			);
			path = Model;
			sourceTree = "<group>";
		};
		F35AACD023BFAB38005942EC /* Data */ = {
			isa = PBXGroup;
			children = (
				F35AACD223BFABBF005942EC /* ChallengeData.swift */,
				223A10A523DF55EE00900461 /* UserList.swift */,
			);
			path = Data;
			sourceTree = "<group>";
		};
		F35AACD123BFAB55005942EC /* View */ = {
			isa = PBXGroup;
			children = (
				228F066E239D8CBB001C0D7A /* ContentView.swift */,
				F39CC39323D7889800C8C9DA /* Links */,
				F39CC39223D7879E00C8C9DA /* Challenge */,
				2262E05323CA24470090B2B8 /* Components */,
				2266C36F23A29C8200E6216A /* TabBarViews */,
			);
			path = View;
			sourceTree = "<group>";
		};
		F39CC39223D7879E00C8C9DA /* Challenge */ = {
			isa = PBXGroup;
			children = (
				F35AACD423BFD937005942EC /* ChallengeDetailView.swift */,
				F39CC38E23D782C500C8C9DA /* GeneralView.swift */,
				F39CC39023D7845900C8C9DA /* RatingView.swift */,
				F39CC38A23D76D6A00C8C9DA /* RankingView.swift */,
			);
			path = Challenge;
			sourceTree = "<group>";
		};
		F39CC39323D7889800C8C9DA /* Links */ = {
			isa = PBXGroup;
			children = (
				227C135423A2AB8D00D36384 /* ForeignProfileView.swift */,
			);
			path = Links;
			sourceTree = "<group>";
		};
/* End PBXGroup section */

/* Begin PBXNativeTarget section */
		228F0666239D8CBB001C0D7A /* talento */ = {
			isa = PBXNativeTarget;
			buildConfigurationList = 228F0691239D8CBE001C0D7A /* Build configuration list for PBXNativeTarget "talento" */;
			buildPhases = (
				092794A562C1F28F5DF44811 /* [CP] Check Pods Manifest.lock */,
				228F0663239D8CBB001C0D7A /* Sources */,
				228F0664239D8CBB001C0D7A /* Frameworks */,
				228F0665239D8CBB001C0D7A /* Resources */,
				E4E2CD10F0D453FBC3BC349E /* [CP] Embed Pods Frameworks */,
				496E7D69883837874E1991BE /* [CP] Copy Pods Resources */,
			);
			buildRules = (
			);
			dependencies = (
			);
			name = talento;
			packageProductDependencies = (
			);
			productName = talento;
			productReference = 228F0667239D8CBB001C0D7A /* talento.app */;
			productType = "com.apple.product-type.application";
		};
		228F067C239D8CBE001C0D7A /* talentoTests */ = {
			isa = PBXNativeTarget;
			buildConfigurationList = 228F0694239D8CBE001C0D7A /* Build configuration list for PBXNativeTarget "talentoTests" */;
			buildPhases = (
				6671FA23876B3004F342A814 /* [CP] Check Pods Manifest.lock */,
				228F0679239D8CBE001C0D7A /* Sources */,
				228F067A239D8CBE001C0D7A /* Frameworks */,
				228F067B239D8CBE001C0D7A /* Resources */,
			);
			buildRules = (
			);
			dependencies = (
				228F067F239D8CBE001C0D7A /* PBXTargetDependency */,
			);
			name = talentoTests;
			productName = talentoTests;
			productReference = 228F067D239D8CBE001C0D7A /* talentoTests.xctest */;
			productType = "com.apple.product-type.bundle.unit-test";
		};
		228F0687239D8CBE001C0D7A /* talentoUITests */ = {
			isa = PBXNativeTarget;
			buildConfigurationList = 228F0697239D8CBE001C0D7A /* Build configuration list for PBXNativeTarget "talentoUITests" */;
			buildPhases = (
				29AEE472F85B869ADF4E6DCB /* [CP] Check Pods Manifest.lock */,
				228F0684239D8CBE001C0D7A /* Sources */,
				228F0685239D8CBE001C0D7A /* Frameworks */,
				228F0686239D8CBE001C0D7A /* Resources */,
				DD24B2C69314B841B3E05CDE /* [CP] Embed Pods Frameworks */,
				B5AB4DAA566326B2573AD0C8 /* [CP] Copy Pods Resources */,
			);
			buildRules = (
			);
			dependencies = (
				228F068A239D8CBE001C0D7A /* PBXTargetDependency */,
			);
			name = talentoUITests;
			productName = talentoUITests;
			productReference = 228F0688239D8CBE001C0D7A /* talentoUITests.xctest */;
			productType = "com.apple.product-type.bundle.ui-testing";
		};
/* End PBXNativeTarget section */

/* Begin PBXProject section */
		228F065F239D8CBB001C0D7A /* Project object */ = {
			isa = PBXProject;
			attributes = {
				LastSwiftUpdateCheck = 1120;
				LastUpgradeCheck = 1120;
				ORGANIZATIONNAME = JulianLorenz;
				TargetAttributes = {
					228F0666239D8CBB001C0D7A = {
						CreatedOnToolsVersion = 11.2.1;
					};
					228F067C239D8CBE001C0D7A = {
						CreatedOnToolsVersion = 11.2.1;
						TestTargetID = 228F0666239D8CBB001C0D7A;
					};
					228F0687239D8CBE001C0D7A = {
						CreatedOnToolsVersion = 11.2.1;
						TestTargetID = 228F0666239D8CBB001C0D7A;
					};
				};
			};
			buildConfigurationList = 228F0662239D8CBB001C0D7A /* Build configuration list for PBXProject "talento" */;
			compatibilityVersion = "Xcode 9.3";
			developmentRegion = en;
			hasScannedForEncodings = 0;
			knownRegions = (
				en,
				Base,
			);
			mainGroup = 228F065E239D8CBB001C0D7A;
			packageReferences = (
			);
			productRefGroup = 228F0668239D8CBB001C0D7A /* Products */;
			projectDirPath = "";
			projectRoot = "";
			targets = (
				228F0666239D8CBB001C0D7A /* talento */,
				228F067C239D8CBE001C0D7A /* talentoTests */,
				228F0687239D8CBE001C0D7A /* talentoUITests */,
			);
		};
/* End PBXProject section */

/* Begin PBXResourcesBuildPhase section */
		228F0665239D8CBB001C0D7A /* Resources */ = {
			isa = PBXResourcesBuildPhase;
			buildActionMask = 2147483647;
			files = (
				228F0677239D8CBE001C0D7A /* LaunchScreen.storyboard in Resources */,
				B909455123DDD09D002BFFA1 /* GoogleService-Info.plist in Resources */,
				228F0674239D8CBE001C0D7A /* Preview Assets.xcassets in Resources */,
				228F0671239D8CBE001C0D7A /* Assets.xcassets in Resources */,
			);
			runOnlyForDeploymentPostprocessing = 0;
		};
		228F067B239D8CBE001C0D7A /* Resources */ = {
			isa = PBXResourcesBuildPhase;
			buildActionMask = 2147483647;
			files = (
			);
			runOnlyForDeploymentPostprocessing = 0;
		};
		228F0686239D8CBE001C0D7A /* Resources */ = {
			isa = PBXResourcesBuildPhase;
			buildActionMask = 2147483647;
			files = (
			);
			runOnlyForDeploymentPostprocessing = 0;
		};
/* End PBXResourcesBuildPhase section */

/* Begin PBXShellScriptBuildPhase section */
		092794A562C1F28F5DF44811 /* [CP] Check Pods Manifest.lock */ = {
			isa = PBXShellScriptBuildPhase;
			buildActionMask = 2147483647;
			files = (
			);
			inputFileListPaths = (
			);
			inputPaths = (
				"${PODS_PODFILE_DIR_PATH}/Podfile.lock",
				"${PODS_ROOT}/Manifest.lock",
			);
			name = "[CP] Check Pods Manifest.lock";
			outputFileListPaths = (
			);
			outputPaths = (
				"$(DERIVED_FILE_DIR)/Pods-talento-checkManifestLockResult.txt",
			);
			runOnlyForDeploymentPostprocessing = 0;
			shellPath = /bin/sh;
			shellScript = "diff \"${PODS_PODFILE_DIR_PATH}/Podfile.lock\" \"${PODS_ROOT}/Manifest.lock\" > /dev/null\nif [ $? != 0 ] ; then\n    # print error to STDERR\n    echo \"error: The sandbox is not in sync with the Podfile.lock. Run 'pod install' or update your CocoaPods installation.\" >&2\n    exit 1\nfi\n# This output is used by Xcode 'outputs' to avoid re-running this script phase.\necho \"SUCCESS\" > \"${SCRIPT_OUTPUT_FILE_0}\"\n";
			showEnvVarsInLog = 0;
		};
		29AEE472F85B869ADF4E6DCB /* [CP] Check Pods Manifest.lock */ = {
			isa = PBXShellScriptBuildPhase;
			buildActionMask = 2147483647;
			files = (
			);
			inputFileListPaths = (
			);
			inputPaths = (
				"${PODS_PODFILE_DIR_PATH}/Podfile.lock",
				"${PODS_ROOT}/Manifest.lock",
			);
			name = "[CP] Check Pods Manifest.lock";
			outputFileListPaths = (
			);
			outputPaths = (
				"$(DERIVED_FILE_DIR)/Pods-talento-talentoUITests-checkManifestLockResult.txt",
			);
			runOnlyForDeploymentPostprocessing = 0;
			shellPath = /bin/sh;
			shellScript = "diff \"${PODS_PODFILE_DIR_PATH}/Podfile.lock\" \"${PODS_ROOT}/Manifest.lock\" > /dev/null\nif [ $? != 0 ] ; then\n    # print error to STDERR\n    echo \"error: The sandbox is not in sync with the Podfile.lock. Run 'pod install' or update your CocoaPods installation.\" >&2\n    exit 1\nfi\n# This output is used by Xcode 'outputs' to avoid re-running this script phase.\necho \"SUCCESS\" > \"${SCRIPT_OUTPUT_FILE_0}\"\n";
			showEnvVarsInLog = 0;
		};
		496E7D69883837874E1991BE /* [CP] Copy Pods Resources */ = {
			isa = PBXShellScriptBuildPhase;
			buildActionMask = 2147483647;
			files = (
			);
			inputFileListPaths = (
				"${PODS_ROOT}/Target Support Files/Pods-talento/Pods-talento-resources-${CONFIGURATION}-input-files.xcfilelist",
			);
			name = "[CP] Copy Pods Resources";
			outputFileListPaths = (
				"${PODS_ROOT}/Target Support Files/Pods-talento/Pods-talento-resources-${CONFIGURATION}-output-files.xcfilelist",
			);
			runOnlyForDeploymentPostprocessing = 0;
			shellPath = /bin/sh;
			shellScript = "\"${PODS_ROOT}/Target Support Files/Pods-talento/Pods-talento-resources.sh\"\n";
			showEnvVarsInLog = 0;
		};
		6671FA23876B3004F342A814 /* [CP] Check Pods Manifest.lock */ = {
			isa = PBXShellScriptBuildPhase;
			buildActionMask = 2147483647;
			files = (
			);
			inputFileListPaths = (
			);
			inputPaths = (
				"${PODS_PODFILE_DIR_PATH}/Podfile.lock",
				"${PODS_ROOT}/Manifest.lock",
			);
			name = "[CP] Check Pods Manifest.lock";
			outputFileListPaths = (
			);
			outputPaths = (
				"$(DERIVED_FILE_DIR)/Pods-talentoTests-checkManifestLockResult.txt",
			);
			runOnlyForDeploymentPostprocessing = 0;
			shellPath = /bin/sh;
			shellScript = "diff \"${PODS_PODFILE_DIR_PATH}/Podfile.lock\" \"${PODS_ROOT}/Manifest.lock\" > /dev/null\nif [ $? != 0 ] ; then\n    # print error to STDERR\n    echo \"error: The sandbox is not in sync with the Podfile.lock. Run 'pod install' or update your CocoaPods installation.\" >&2\n    exit 1\nfi\n# This output is used by Xcode 'outputs' to avoid re-running this script phase.\necho \"SUCCESS\" > \"${SCRIPT_OUTPUT_FILE_0}\"\n";
			showEnvVarsInLog = 0;
		};
		B5AB4DAA566326B2573AD0C8 /* [CP] Copy Pods Resources */ = {
			isa = PBXShellScriptBuildPhase;
			buildActionMask = 2147483647;
			files = (
			);
			inputFileListPaths = (
				"${PODS_ROOT}/Target Support Files/Pods-talento-talentoUITests/Pods-talento-talentoUITests-resources-${CONFIGURATION}-input-files.xcfilelist",
			);
			name = "[CP] Copy Pods Resources";
			outputFileListPaths = (
				"${PODS_ROOT}/Target Support Files/Pods-talento-talentoUITests/Pods-talento-talentoUITests-resources-${CONFIGURATION}-output-files.xcfilelist",
			);
			runOnlyForDeploymentPostprocessing = 0;
			shellPath = /bin/sh;
			shellScript = "\"${PODS_ROOT}/Target Support Files/Pods-talento-talentoUITests/Pods-talento-talentoUITests-resources.sh\"\n";
			showEnvVarsInLog = 0;
		};
		DD24B2C69314B841B3E05CDE /* [CP] Embed Pods Frameworks */ = {
			isa = PBXShellScriptBuildPhase;
			buildActionMask = 2147483647;
			files = (
			);
			inputFileListPaths = (
				"${PODS_ROOT}/Target Support Files/Pods-talento-talentoUITests/Pods-talento-talentoUITests-frameworks-${CONFIGURATION}-input-files.xcfilelist",
			);
			name = "[CP] Embed Pods Frameworks";
			outputFileListPaths = (
				"${PODS_ROOT}/Target Support Files/Pods-talento-talentoUITests/Pods-talento-talentoUITests-frameworks-${CONFIGURATION}-output-files.xcfilelist",
			);
			runOnlyForDeploymentPostprocessing = 0;
			shellPath = /bin/sh;
			shellScript = "\"${PODS_ROOT}/Target Support Files/Pods-talento-talentoUITests/Pods-talento-talentoUITests-frameworks.sh\"\n";
			showEnvVarsInLog = 0;
		};
		E4E2CD10F0D453FBC3BC349E /* [CP] Embed Pods Frameworks */ = {
			isa = PBXShellScriptBuildPhase;
			buildActionMask = 2147483647;
			files = (
			);
			inputFileListPaths = (
				"${PODS_ROOT}/Target Support Files/Pods-talento/Pods-talento-frameworks-${CONFIGURATION}-input-files.xcfilelist",
			);
			name = "[CP] Embed Pods Frameworks";
			outputFileListPaths = (
				"${PODS_ROOT}/Target Support Files/Pods-talento/Pods-talento-frameworks-${CONFIGURATION}-output-files.xcfilelist",
			);
			runOnlyForDeploymentPostprocessing = 0;
			shellPath = /bin/sh;
			shellScript = "\"${PODS_ROOT}/Target Support Files/Pods-talento/Pods-talento-frameworks.sh\"\n";
			showEnvVarsInLog = 0;
		};
/* End PBXShellScriptBuildPhase section */

/* Begin PBXSourcesBuildPhase section */
		228F0663239D8CBB001C0D7A /* Sources */ = {
			isa = PBXSourcesBuildPhase;
			buildActionMask = 2147483647;
			files = (
				F35AACD723BFD9DA005942EC /* UserFeedView.swift in Sources */,
				22583737239EAEEB00A9FD1B /* FeedView.swift in Sources */,
				2266C36E23A29C0100E6216A /* ProfileView.swift in Sources */,
				8F3E6DC623DDBD0A00CF12E0 /* LoginPage.swift in Sources */,
				F39CC39123D7845900C8C9DA /* RatingView.swift in Sources */,
				223A10A623DF55EE00900461 /* UserList.swift in Sources */,
				F39CC38F23D782C500C8C9DA /* GeneralView.swift in Sources */,
				2262E05523CA25680090B2B8 /* ActivityEntryView.swift in Sources */,
				F39CC38D23D7733A00C8C9DA /* RankingEntryView.swift in Sources */,
				2258373B239ECC1D00A9FD1B /* FBLoginButton.swift in Sources */,
				F35AACCF23BFA86D005942EC /* ChallengeModel.swift in Sources */,
				22936AB923DDE682004802F7 /* UserModel.swift in Sources */,
				F35AACD323BFABBF005942EC /* ChallengeData.swift in Sources */,
				F39CC38B23D76D6A00C8C9DA /* RankingView.swift in Sources */,
				F332F3DB23D61F3B00DF9848 /* MediaEntryView.swift in Sources */,
				8F3E6DC423DDBCE000CF12E0 /* AuthenticationPage.swift in Sources */,
				F30C3A9023C0EFDC00D663C9 /* ChallengeCreateView.swift in Sources */,
				22936AB723DCB7E0004802F7 /* ImagePicker.swift in Sources */,
				227C135523A2AB8D00D36384 /* ForeignProfileView.swift in Sources */,
				F3A63EA423DF673200B5F075 /* Extensions.swift in Sources */,
				228F066B239D8CBB001C0D7A /* AppDelegate.swift in Sources */,
				8F3E6DCA23DDBD7B00CF12E0 /* Indicator.swift in Sources */,
				223A10A823DF6C7E00900461 /* ProfilePictureView.swift in Sources */,
				F30DCA9823DB4E5900B9C4C5 /* SettingsView.swift in Sources */,
				F35AACD523BFD937005942EC /* ChallengeDetailView.swift in Sources */,
				8F3E6DC823DDBD5800CF12E0 /* AccountCreation.swift in Sources */,
				227C134E23A2A06D00D36384 /* ChallengeCardView.swift in Sources */,
				2266C36A23A29BE700E6216A /* ChallengesView.swift in Sources */,
				B9FCBE8923DF5C0900DB265D /* MediaEntryPictureView.swift in Sources */,
				F332F3D923D61E8C00DF9848 /* EntryModel.swift in Sources */,
				8F3E6DC123DDBBFE00CF12E0 /* RegistrationImagePicker.swift in Sources */,
				228F066D239D8CBB001C0D7A /* SceneDelegate.swift in Sources */,
				B9236F9323CF7FC10095CA9E /* ImageLoader.swift in Sources */,
				B9FCBE8B23DF61A700DB265D /* ImageLoaderCache.swift in Sources */,
				2266C36C23A29BF400E6216A /* ActivityView.swift in Sources */,
				22583739239EB9E600A9FD1B /* LoginCheck.swift in Sources */,
				8F3E6DCC23DDBDA600CF12E0 /* CreateUser.swift in Sources */,
				228F066F239D8CBB001C0D7A /* ContentView.swift in Sources */,
			);
			runOnlyForDeploymentPostprocessing = 0;
		};
		228F0679239D8CBE001C0D7A /* Sources */ = {
			isa = PBXSourcesBuildPhase;
			buildActionMask = 2147483647;
			files = (
				228F0682239D8CBE001C0D7A /* talentoTests.swift in Sources */,
			);
			runOnlyForDeploymentPostprocessing = 0;
		};
		228F0684239D8CBE001C0D7A /* Sources */ = {
			isa = PBXSourcesBuildPhase;
			buildActionMask = 2147483647;
			files = (
				228F068D239D8CBE001C0D7A /* talentoUITests.swift in Sources */,
			);
			runOnlyForDeploymentPostprocessing = 0;
		};
/* End PBXSourcesBuildPhase section */

/* Begin PBXTargetDependency section */
		228F067F239D8CBE001C0D7A /* PBXTargetDependency */ = {
			isa = PBXTargetDependency;
			target = 228F0666239D8CBB001C0D7A /* talento */;
			targetProxy = 228F067E239D8CBE001C0D7A /* PBXContainerItemProxy */;
		};
		228F068A239D8CBE001C0D7A /* PBXTargetDependency */ = {
			isa = PBXTargetDependency;
			target = 228F0666239D8CBB001C0D7A /* talento */;
			targetProxy = 228F0689239D8CBE001C0D7A /* PBXContainerItemProxy */;
		};
/* End PBXTargetDependency section */

/* Begin PBXVariantGroup section */
		228F0675239D8CBE001C0D7A /* LaunchScreen.storyboard */ = {
			isa = PBXVariantGroup;
			children = (
				228F0676239D8CBE001C0D7A /* Base */,
			);
			name = LaunchScreen.storyboard;
			sourceTree = "<group>";
		};
/* End PBXVariantGroup section */

/* Begin XCBuildConfiguration section */
		228F068F239D8CBE001C0D7A /* Debug */ = {
			isa = XCBuildConfiguration;
			buildSettings = {
				ALWAYS_SEARCH_USER_PATHS = NO;
				CLANG_ANALYZER_NONNULL = YES;
				CLANG_ANALYZER_NUMBER_OBJECT_CONVERSION = YES_AGGRESSIVE;
				CLANG_CXX_LANGUAGE_STANDARD = "gnu++14";
				CLANG_CXX_LIBRARY = "libc++";
				CLANG_ENABLE_MODULES = YES;
				CLANG_ENABLE_OBJC_ARC = YES;
				CLANG_ENABLE_OBJC_WEAK = YES;
				CLANG_WARN_BLOCK_CAPTURE_AUTORELEASING = YES;
				CLANG_WARN_BOOL_CONVERSION = YES;
				CLANG_WARN_COMMA = YES;
				CLANG_WARN_CONSTANT_CONVERSION = YES;
				CLANG_WARN_DEPRECATED_OBJC_IMPLEMENTATIONS = YES;
				CLANG_WARN_DIRECT_OBJC_ISA_USAGE = YES_ERROR;
				CLANG_WARN_DOCUMENTATION_COMMENTS = YES;
				CLANG_WARN_EMPTY_BODY = YES;
				CLANG_WARN_ENUM_CONVERSION = YES;
				CLANG_WARN_INFINITE_RECURSION = YES;
				CLANG_WARN_INT_CONVERSION = YES;
				CLANG_WARN_NON_LITERAL_NULL_CONVERSION = YES;
				CLANG_WARN_OBJC_IMPLICIT_RETAIN_SELF = YES;
				CLANG_WARN_OBJC_LITERAL_CONVERSION = YES;
				CLANG_WARN_OBJC_ROOT_CLASS = YES_ERROR;
				CLANG_WARN_RANGE_LOOP_ANALYSIS = YES;
				CLANG_WARN_STRICT_PROTOTYPES = YES;
				CLANG_WARN_SUSPICIOUS_MOVE = YES;
				CLANG_WARN_UNGUARDED_AVAILABILITY = YES_AGGRESSIVE;
				CLANG_WARN_UNREACHABLE_CODE = YES;
				CLANG_WARN__DUPLICATE_METHOD_MATCH = YES;
				COPY_PHASE_STRIP = NO;
				DEBUG_INFORMATION_FORMAT = dwarf;
				ENABLE_STRICT_OBJC_MSGSEND = YES;
				ENABLE_TESTABILITY = YES;
				GCC_C_LANGUAGE_STANDARD = gnu11;
				GCC_DYNAMIC_NO_PIC = NO;
				GCC_NO_COMMON_BLOCKS = YES;
				GCC_OPTIMIZATION_LEVEL = 0;
				GCC_PREPROCESSOR_DEFINITIONS = (
					"DEBUG=1",
					"$(inherited)",
				);
				GCC_WARN_64_TO_32_BIT_CONVERSION = YES;
				GCC_WARN_ABOUT_RETURN_TYPE = YES_ERROR;
				GCC_WARN_UNDECLARED_SELECTOR = YES;
				GCC_WARN_UNINITIALIZED_AUTOS = YES_AGGRESSIVE;
				GCC_WARN_UNUSED_FUNCTION = YES;
				GCC_WARN_UNUSED_VARIABLE = YES;
				IPHONEOS_DEPLOYMENT_TARGET = 13.2;
				MTL_ENABLE_DEBUG_INFO = INCLUDE_SOURCE;
				MTL_FAST_MATH = YES;
				ONLY_ACTIVE_ARCH = YES;
				SDKROOT = iphoneos;
				SWIFT_ACTIVE_COMPILATION_CONDITIONS = DEBUG;
				SWIFT_OPTIMIZATION_LEVEL = "-Onone";
			};
			name = Debug;
		};
		228F0690239D8CBE001C0D7A /* Release */ = {
			isa = XCBuildConfiguration;
			buildSettings = {
				ALWAYS_SEARCH_USER_PATHS = NO;
				CLANG_ANALYZER_NONNULL = YES;
				CLANG_ANALYZER_NUMBER_OBJECT_CONVERSION = YES_AGGRESSIVE;
				CLANG_CXX_LANGUAGE_STANDARD = "gnu++14";
				CLANG_CXX_LIBRARY = "libc++";
				CLANG_ENABLE_MODULES = YES;
				CLANG_ENABLE_OBJC_ARC = YES;
				CLANG_ENABLE_OBJC_WEAK = YES;
				CLANG_WARN_BLOCK_CAPTURE_AUTORELEASING = YES;
				CLANG_WARN_BOOL_CONVERSION = YES;
				CLANG_WARN_COMMA = YES;
				CLANG_WARN_CONSTANT_CONVERSION = YES;
				CLANG_WARN_DEPRECATED_OBJC_IMPLEMENTATIONS = YES;
				CLANG_WARN_DIRECT_OBJC_ISA_USAGE = YES_ERROR;
				CLANG_WARN_DOCUMENTATION_COMMENTS = YES;
				CLANG_WARN_EMPTY_BODY = YES;
				CLANG_WARN_ENUM_CONVERSION = YES;
				CLANG_WARN_INFINITE_RECURSION = YES;
				CLANG_WARN_INT_CONVERSION = YES;
				CLANG_WARN_NON_LITERAL_NULL_CONVERSION = YES;
				CLANG_WARN_OBJC_IMPLICIT_RETAIN_SELF = YES;
				CLANG_WARN_OBJC_LITERAL_CONVERSION = YES;
				CLANG_WARN_OBJC_ROOT_CLASS = YES_ERROR;
				CLANG_WARN_RANGE_LOOP_ANALYSIS = YES;
				CLANG_WARN_STRICT_PROTOTYPES = YES;
				CLANG_WARN_SUSPICIOUS_MOVE = YES;
				CLANG_WARN_UNGUARDED_AVAILABILITY = YES_AGGRESSIVE;
				CLANG_WARN_UNREACHABLE_CODE = YES;
				CLANG_WARN__DUPLICATE_METHOD_MATCH = YES;
				COPY_PHASE_STRIP = NO;
				DEBUG_INFORMATION_FORMAT = "dwarf-with-dsym";
				ENABLE_NS_ASSERTIONS = NO;
				ENABLE_STRICT_OBJC_MSGSEND = YES;
				GCC_C_LANGUAGE_STANDARD = gnu11;
				GCC_NO_COMMON_BLOCKS = YES;
				GCC_WARN_64_TO_32_BIT_CONVERSION = YES;
				GCC_WARN_ABOUT_RETURN_TYPE = YES_ERROR;
				GCC_WARN_UNDECLARED_SELECTOR = YES;
				GCC_WARN_UNINITIALIZED_AUTOS = YES_AGGRESSIVE;
				GCC_WARN_UNUSED_FUNCTION = YES;
				GCC_WARN_UNUSED_VARIABLE = YES;
				IPHONEOS_DEPLOYMENT_TARGET = 13.2;
				MTL_ENABLE_DEBUG_INFO = NO;
				MTL_FAST_MATH = YES;
				SDKROOT = iphoneos;
				SWIFT_COMPILATION_MODE = wholemodule;
				SWIFT_OPTIMIZATION_LEVEL = "-O";
				VALIDATE_PRODUCT = YES;
			};
			name = Release;
		};
		228F0692239D8CBE001C0D7A /* Debug */ = {
			isa = XCBuildConfiguration;
			baseConfigurationReference = A96A7E1978FE0653D24AF0AB /* Pods-talento.debug.xcconfig */;
			buildSettings = {
				ASSETCATALOG_COMPILER_APPICON_NAME = AppIcon;
				CODE_SIGN_ENTITLEMENTS = talento/talento.entitlements;
				CODE_SIGN_STYLE = Automatic;
				DEVELOPMENT_ASSET_PATHS = "\"talento/Preview Content\"";
				DEVELOPMENT_TEAM = PRVDUT282L;
				ENABLE_PREVIEWS = YES;
				INFOPLIST_FILE = talento/Info.plist;
				LD_RUNPATH_SEARCH_PATHS = (
					"$(inherited)",
					"@executable_path/Frameworks",
				);
				PRODUCT_BUNDLE_IDENTIFIER = com.ginan.talento;
				PRODUCT_NAME = "$(TARGET_NAME)";
				SWIFT_VERSION = 5.0;
				TARGETED_DEVICE_FAMILY = "1,2";
			};
			name = Debug;
		};
		228F0693239D8CBE001C0D7A /* Release */ = {
			isa = XCBuildConfiguration;
			baseConfigurationReference = 6BD65366CB93C821FCCEAB32 /* Pods-talento.release.xcconfig */;
			buildSettings = {
				ASSETCATALOG_COMPILER_APPICON_NAME = AppIcon;
				CODE_SIGN_ENTITLEMENTS = talento/talento.entitlements;
				CODE_SIGN_STYLE = Automatic;
				DEVELOPMENT_ASSET_PATHS = "\"talento/Preview Content\"";
				DEVELOPMENT_TEAM = 74ZL66WBK4;
				ENABLE_PREVIEWS = YES;
				INFOPLIST_FILE = talento/Info.plist;
				LD_RUNPATH_SEARCH_PATHS = (
					"$(inherited)",
					"@executable_path/Frameworks",
				);
				PRODUCT_BUNDLE_IDENTIFIER = com.ginan.talento;
				PRODUCT_NAME = "$(TARGET_NAME)";
				SWIFT_VERSION = 5.0;
				TARGETED_DEVICE_FAMILY = "1,2";
			};
			name = Release;
		};
		228F0695239D8CBE001C0D7A /* Debug */ = {
			isa = XCBuildConfiguration;
			baseConfigurationReference = C043D2EB785BDD6A3E5A2CA6 /* Pods-talentoTests.debug.xcconfig */;
			buildSettings = {
				ALWAYS_EMBED_SWIFT_STANDARD_LIBRARIES = YES;
				BUNDLE_LOADER = "$(TEST_HOST)";
				CODE_SIGN_STYLE = Automatic;
				DEVELOPMENT_TEAM = PRVDUT282L;
				INFOPLIST_FILE = talentoTests/Info.plist;
				IPHONEOS_DEPLOYMENT_TARGET = 13.2;
				LD_RUNPATH_SEARCH_PATHS = (
					"$(inherited)",
					"@executable_path/Frameworks",
					"@loader_path/Frameworks",
				);
				PRODUCT_BUNDLE_IDENTIFIER = com.JulianLorenz.talentoTests;
				PRODUCT_NAME = "$(TARGET_NAME)";
				SWIFT_VERSION = 5.0;
				TARGETED_DEVICE_FAMILY = "1,2";
				TEST_HOST = "$(BUILT_PRODUCTS_DIR)/talento.app/talento";
			};
			name = Debug;
		};
		228F0696239D8CBE001C0D7A /* Release */ = {
			isa = XCBuildConfiguration;
			baseConfigurationReference = A90D7CD39EDF29E768585197 /* Pods-talentoTests.release.xcconfig */;
			buildSettings = {
				ALWAYS_EMBED_SWIFT_STANDARD_LIBRARIES = YES;
				BUNDLE_LOADER = "$(TEST_HOST)";
				CODE_SIGN_STYLE = Automatic;
				DEVELOPMENT_TEAM = PRVDUT282L;
				INFOPLIST_FILE = talentoTests/Info.plist;
				IPHONEOS_DEPLOYMENT_TARGET = 13.2;
				LD_RUNPATH_SEARCH_PATHS = (
					"$(inherited)",
					"@executable_path/Frameworks",
					"@loader_path/Frameworks",
				);
				PRODUCT_BUNDLE_IDENTIFIER = com.JulianLorenz.talentoTests;
				PRODUCT_NAME = "$(TARGET_NAME)";
				SWIFT_VERSION = 5.0;
				TARGETED_DEVICE_FAMILY = "1,2";
				TEST_HOST = "$(BUILT_PRODUCTS_DIR)/talento.app/talento";
			};
			name = Release;
		};
		228F0698239D8CBE001C0D7A /* Debug */ = {
			isa = XCBuildConfiguration;
			baseConfigurationReference = 46A0C27DA15A4AB0DB179472 /* Pods-talento-talentoUITests.debug.xcconfig */;
			buildSettings = {
				ALWAYS_EMBED_SWIFT_STANDARD_LIBRARIES = YES;
				"CODE_SIGN_IDENTITY[sdk=macosx*]" = "Apple Development";
				CODE_SIGN_STYLE = Automatic;
				DEVELOPMENT_TEAM = PRVDUT282L;
				INFOPLIST_FILE = talentoUITests/Info.plist;
				LD_RUNPATH_SEARCH_PATHS = (
					"$(inherited)",
					"@executable_path/Frameworks",
					"@loader_path/Frameworks",
				);
				PRODUCT_BUNDLE_IDENTIFIER = com.JulianLorenz.talentoUITests;
				PRODUCT_NAME = "$(TARGET_NAME)";
				PROVISIONING_PROFILE = "";
				SWIFT_VERSION = 5.0;
				TARGETED_DEVICE_FAMILY = "1,2";
				TEST_TARGET_NAME = talento;
			};
			name = Debug;
		};
		228F0699239D8CBE001C0D7A /* Release */ = {
			isa = XCBuildConfiguration;
			baseConfigurationReference = DEF3124A38CAA398A595D333 /* Pods-talento-talentoUITests.release.xcconfig */;
			buildSettings = {
				ALWAYS_EMBED_SWIFT_STANDARD_LIBRARIES = YES;
				"CODE_SIGN_IDENTITY[sdk=macosx*]" = "Apple Development";
				CODE_SIGN_STYLE = Automatic;
				DEVELOPMENT_TEAM = PRVDUT282L;
				INFOPLIST_FILE = talentoUITests/Info.plist;
				LD_RUNPATH_SEARCH_PATHS = (
					"$(inherited)",
					"@executable_path/Frameworks",
					"@loader_path/Frameworks",
				);
				PRODUCT_BUNDLE_IDENTIFIER = com.JulianLorenz.talentoUITests;
				PRODUCT_NAME = "$(TARGET_NAME)";
				PROVISIONING_PROFILE = "";
				SWIFT_VERSION = 5.0;
				TARGETED_DEVICE_FAMILY = "1,2";
				TEST_TARGET_NAME = talento;
			};
			name = Release;
		};
/* End XCBuildConfiguration section */

/* Begin XCConfigurationList section */
		228F0662239D8CBB001C0D7A /* Build configuration list for PBXProject "talento" */ = {
			isa = XCConfigurationList;
			buildConfigurations = (
				228F068F239D8CBE001C0D7A /* Debug */,
				228F0690239D8CBE001C0D7A /* Release */,
			);
			defaultConfigurationIsVisible = 0;
			defaultConfigurationName = Release;
		};
		228F0691239D8CBE001C0D7A /* Build configuration list for PBXNativeTarget "talento" */ = {
			isa = XCConfigurationList;
			buildConfigurations = (
				228F0692239D8CBE001C0D7A /* Debug */,
				228F0693239D8CBE001C0D7A /* Release */,
			);
			defaultConfigurationIsVisible = 0;
			defaultConfigurationName = Release;
		};
		228F0694239D8CBE001C0D7A /* Build configuration list for PBXNativeTarget "talentoTests" */ = {
			isa = XCConfigurationList;
			buildConfigurations = (
				228F0695239D8CBE001C0D7A /* Debug */,
				228F0696239D8CBE001C0D7A /* Release */,
			);
			defaultConfigurationIsVisible = 0;
			defaultConfigurationName = Release;
		};
		228F0697239D8CBE001C0D7A /* Build configuration list for PBXNativeTarget "talentoUITests" */ = {
			isa = XCConfigurationList;
			buildConfigurations = (
				228F0698239D8CBE001C0D7A /* Debug */,
				228F0699239D8CBE001C0D7A /* Release */,
			);
			defaultConfigurationIsVisible = 0;
			defaultConfigurationName = Release;
		};
/* End XCConfigurationList section */
	};
	rootObject = 228F065F239D8CBB001C0D7A /* Project object */;
}
