{
  "object": {
    "pins": [
      {
        "package": "SlidingTabView",
        "repositoryURL": "https://github.com/QuynhNguyen/SlidingTabView.git",
        "state": {
          "branch": null,
          "revision": "b0f0662977418824d50546b2850a523dcd793bb0",
          "version": "1.0.2"
        }
      }
    ]
  },
  "version": 1
}
